{
    "_meta": {
        "hash": {
            "sha256": "0ac756d5491e68986da46930c6f798c36fe36c2d976bb71d21be48cac3f468a2"
        },
        "pipfile-spec": 6,
        "requires": {
            "python_version": "3.7"
        },
        "sources": [
            {
                "name": "pypi",
                "url": "https://pypi.python.org/simple",
                "verify_ssl": true
            }
        ]
    },
    "default": {
        "pillow-simd": {
            "hashes": [
                "sha256:903dd895c9c5b88afa567fe582b5eaf55316b52869ba6aedc5325fbe0c9f05a1"
            ],
            "index": "pypi",
            "version": "==5.3.0.post1"
        }
    },
    "develop": {
        "flake8": {
            "hashes": [
                "sha256:231cd86194aaec4bdfaa553ae1a1cd9b7b4558332fbc10136c044940d587a778",
                "sha256:7ac3bbaac27174d95bc4734ed23a07de567ffbcf4fc7e316854b4f3015d4fd15"
            ],
            "index": "pypi",
            "version": "==2.6.2"
        },
        "flake8-docstrings": {
            "hashes": [
                "sha256:5dba5f987e7c5ab8f41fe74e04a4c892437c5e8fbaec78411a05f964524f37ce",
                "sha256:6c64e271a70f39989fa95dbaca808b411b35dea6b8ca86fd1860ecadbeb8d816"
            ],
            "index": "pypi",
            "version": "==0.2.8"
        },
        "mccabe": {
            "hashes": [
                "sha256:16293af41e7242031afd73896fef6458f4cad38201d21e28f344fff50ae1c25e",
                "sha256:f9b58bf366c1506dcd6117b33e5c4874746f0de859c9c7cab8b516cb6be1d22e"
            ],
            "version": "==0.5.3"
        },
        "pep257": {
            "hashes": [
                "sha256:d26cd2a4f572e0592f6967277136f581f924a4fe2aa38dcb7d4e532232689e80",
                "sha256:f3d67547f5617a9cfeb4b8097ed94a954888315defaf6e9b518ff1719363bf03"
            ],
            "version": "==0.7.0"
        },
        "pycodestyle": {
            "hashes": [
                "sha256:2ce83f2046f5ab85c652ceceddfbde7a64a909900989b4b43e92b10b743d0ce5",
                "sha256:37f0420b14630b0eaaf452978f3a6ea4816d787c3e6dcbba6fb255030adae2e7"
            ],
            "version": "==2.0.0"
        },
        "pyflakes": {
            "hashes": [
                "sha256:2e4a1b636d8809d8f0a69f341acf15b2e401a3221ede11be439911d23ce2139e",
                "sha256:e87bac26c62ea5b45067cc89e4a12f56e1483f1f2cda17e7c9b375b9fd2f40da"
            ],
            "version": "==1.2.3"
        }
    }
}
